// !$*UTF8*$!
{
	archiveVersion = 1;
	classes = {
	};
	objectVersion = 46;
	objects = {

/* Begin PBXBuildFile section */
		715ADFEA19AC02B500436E01 /* AppDelegate.swift in Sources */ = {isa = PBXBuildFile; fileRef = 715ADFE919AC02B500436E01 /* AppDelegate.swift */; };
		715ADFEC19AC02B500436E01 /* ViewController.swift in Sources */ = {isa = PBXBuildFile; fileRef = 715ADFEB19AC02B500436E01 /* ViewController.swift */; };
		715ADFEF19AC02B500436E01 /* Main.storyboard in Resources */ = {isa = PBXBuildFile; fileRef = 715ADFED19AC02B500436E01 /* Main.storyboard */; };
		715ADFF119AC02B500436E01 /* Images.xcassets in Resources */ = {isa = PBXBuildFile; fileRef = 715ADFF019AC02B500436E01 /* Images.xcassets */; };
		715ADFFD19AC02B500436E01 /* modalTransitionsTests.swift in Sources */ = {isa = PBXBuildFile; fileRef = 715ADFFC19AC02B500436E01 /* modalTransitionsTests.swift */; };
/* End PBXBuildFile section */

/* Begin PBXContainerItemProxy section */
		715ADFF719AC02B500436E01 /* PBXContainerItemProxy */ = {
			isa = PBXContainerItemProxy;
			containerPortal = 715ADFDC19AC02B500436E01 /* Project object */;
			proxyType = 1;
			remoteGlobalIDString = 715ADFE319AC02B500436E01;
			remoteInfo = modalTransitions;
		};
/* End PBXContainerItemProxy section */

/* Begin PBXFileReference section */
		715ADFE419AC02B500436E01 /* modalTransitions.app */ = {isa = PBXFileReference; explicitFileType = wrapper.application; includeInIndex = 0; path = modalTransitions.app; sourceTree = BUILT_PRODUCTS_DIR; };
		715ADFE819AC02B500436E01 /* Info.plist */ = {isa = PBXFileReference; lastKnownFileType = text.plist.xml; path = Info.plist; sourceTree = "<group>"; };
		715ADFE919AC02B500436E01 /* AppDelegate.swift */ = {isa = PBXFileReference; lastKnownFileType = sourcecode.swift; path = AppDelegate.swift; sourceTree = "<group>"; };
		715ADFEB19AC02B500436E01 /* ViewController.swift */ = {isa = PBXFileReference; lastKnownFileType = sourcecode.swift; path = ViewController.swift; sourceTree = "<group>"; };
		715ADFEE19AC02B500436E01 /* Base */ = {isa = PBXFileReference; lastKnownFileType = file.storyboard; name = Base; path = Base.lproj/Main.storyboard; sourceTree = "<group>"; };
		715ADFF019AC02B500436E01 /* Images.xcassets */ = {isa = PBXFileReference; lastKnownFileType = folder.assetcatalog; path = Images.xcassets; sourceTree = "<group>"; };
		715ADFF619AC02B500436E01 /* modalTransitionsTests.xctest */ = {isa = PBXFileReference; explicitFileType = wrapper.cfbundle; includeInIndex = 0; path = modalTransitionsTests.xctest; sourceTree = BUILT_PRODUCTS_DIR; };
		715ADFFB19AC02B500436E01 /* Info.plist */ = {isa = PBXFileReference; lastKnownFileType = text.plist.xml; path = Info.plist; sourceTree = "<group>"; };
		715ADFFC19AC02B500436E01 /* modalTransitionsTests.swift */ = {isa = PBXFileReference; lastKnownFileType = sourcecode.swift; path = modalTransitionsTests.swift; sourceTree = "<group>"; };
/* End PBXFileReference section */

/* Begin PBXFrameworksBuildPhase section */
		715ADFE119AC02B500436E01 /* Frameworks */ = {
			isa = PBXFrameworksBuildPhase;
			buildActionMask = 2147483647;
			files = (
			);
			runOnlyForDeploymentPostprocessing = 0;
		};
		715ADFF319AC02B500436E01 /* Frameworks */ = {
			isa = PBXFrameworksBuildPhase;
			buildActionMask = 2147483647;
			files = (
			);
			runOnlyForDeploymentPostprocessing = 0;
		};
/* End PBXFrameworksBuildPhase section */

/* Begin PBXGroup section */
		715ADFDB19AC02B500436E01 = {
			isa = PBXGroup;
			children = (
				715ADFE619AC02B500436E01 /* modalTransitions */,
				715ADFF919AC02B500436E01 /* modalTransitionsTests */,
				715ADFE519AC02B500436E01 /* Products */,
			);
			sourceTree = "<group>";
		};
		715ADFE519AC02B500436E01 /* Products */ = {
			isa = PBXGroup;
			children = (
				715ADFE419AC02B500436E01 /* modalTransitions.app */,
				715ADFF619AC02B500436E01 /* modalTransitionsTests.xctest */,
			);
			name = Products;
			sourceTree = "<group>";
		};
		715ADFE619AC02B500436E01 /* modalTransitions */ = {
			isa = PBXGroup;
			children = (
				715ADFE919AC02B500436E01 /* AppDelegate.swift */,
				715ADFEB19AC02B500436E01 /* ViewController.swift */,
				715ADFED19AC02B500436E01 /* Main.storyboard */,
				715ADFF019AC02B500436E01 /* Images.xcassets */,
				715ADFE719AC02B500436E01 /* Supporting Files */,
			);
			path = modalTransitions;
			sourceTree = "<group>";
		};
		715ADFE719AC02B500436E01 /* Supporting Files */ = {
			isa = PBXGroup;
			children = (
				715ADFE819AC02B500436E01 /* Info.plist */,
			);
			name = "Supporting Files";
			sourceTree = "<group>";
		};
		715ADFF919AC02B500436E01 /* modalTransitionsTests */ = {
			isa = PBXGroup;
			children = (
				715ADFFC19AC02B500436E01 /* modalTransitionsTests.swift */,
				715ADFFA19AC02B500436E01 /* Supporting Files */,
			);
			path = modalTransitionsTests;
			sourceTree = "<group>";
		};
		715ADFFA19AC02B500436E01 /* Supporting Files */ = {
			isa = PBXGroup;
			children = (
				715ADFFB19AC02B500436E01 /* Info.plist */,
			);
			name = "Supporting Files";
			sourceTree = "<group>";
		};
/* End PBXGroup section */

/* Begin PBXNativeTarget section */
		715ADFE319AC02B500436E01 /* modalTransitions */ = {
			isa = PBXNativeTarget;
			buildConfigurationList = 715AE00019AC02B500436E01 /* Build configuration list for PBXNativeTarget "modalTransitions" */;
			buildPhases = (
				715ADFE019AC02B500436E01 /* Sources */,
				715ADFE119AC02B500436E01 /* Frameworks */,
				715ADFE219AC02B500436E01 /* Resources */,
			);
			buildRules = (
			);
			dependencies = (
			);
			name = modalTransitions;
			productName = modalTransitions;
			productReference = 715ADFE419AC02B500436E01 /* modalTransitions.app */;
			productType = "com.apple.product-type.application";
		};
		715ADFF519AC02B500436E01 /* modalTransitionsTests */ = {
			isa = PBXNativeTarget;
			buildConfigurationList = 715AE00319AC02B500436E01 /* Build configuration list for PBXNativeTarget "modalTransitionsTests" */;
			buildPhases = (
				715ADFF219AC02B500436E01 /* Sources */,
				715ADFF319AC02B500436E01 /* Frameworks */,
				715ADFF419AC02B500436E01 /* Resources */,
			);
			buildRules = (
			);
			dependencies = (
				715ADFF819AC02B500436E01 /* PBXTargetDependency */,
			);
			name = modalTransitionsTests;
			productName = modalTransitionsTests;
			productReference = 715ADFF619AC02B500436E01 /* modalTransitionsTests.xctest */;
			productType = "com.apple.product-type.bundle.unit-test";
		};
/* End PBXNativeTarget section */

/* Begin PBXProject section */
		715ADFDC19AC02B500436E01 /* Project object */ = {
			isa = PBXProject;
			attributes = {
				LastUpgradeCheck = 0600;
				ORGANIZATIONNAME = "Daniel Eden";
				TargetAttributes = {
					715ADFE319AC02B500436E01 = {
						CreatedOnToolsVersion = 6.0;
					};
					715ADFF519AC02B500436E01 = {
						CreatedOnToolsVersion = 6.0;
						TestTargetID = 715ADFE319AC02B500436E01;
					};
				};
			};
			buildConfigurationList = 715ADFDF19AC02B500436E01 /* Build configuration list for PBXProject "modalTransitions" */;
			compatibilityVersion = "Xcode 3.2";
			developmentRegion = English;
			hasScannedForEncodings = 0;
			knownRegions = (
				en,
				Base,
			);
			mainGroup = 715ADFDB19AC02B500436E01;
			productRefGroup = 715ADFE519AC02B500436E01 /* Products */;
			projectDirPath = "";
			projectRoot = "";
			targets = (
				715ADFE319AC02B500436E01 /* modalTransitions */,
				715ADFF519AC02B500436E01 /* modalTransitionsTests */,
			);
		};
/* End PBXProject section */

/* Begin PBXResourcesBuildPhase section */
		715ADFE219AC02B500436E01 /* Resources */ = {
			isa = PBXResourcesBuildPhase;
			buildActionMask = 2147483647;
			files = (
				715ADFEF19AC02B500436E01 /* Main.storyboard in Resources */,
				715ADFF119AC02B500436E01 /* Images.xcassets in Resources */,
			);
			runOnlyForDeploymentPostprocessing = 0;
		};
		715ADFF419AC02B500436E01 /* Resources */ = {
			isa = PBXResourcesBuildPhase;
			buildActionMask = 2147483647;
			files = (
			);
			runOnlyForDeploymentPostprocessing = 0;
		};
/* End PBXResourcesBuildPhase section */

/* Begin PBXSourcesBuildPhase section */
		715ADFE019AC02B500436E01 /* Sources */ = {
			isa = PBXSourcesBuildPhase;
			buildActionMask = 2147483647;
			files = (
				715ADFEC19AC02B500436E01 /* ViewController.swift in Sources */,
				715ADFEA19AC02B500436E01 /* AppDelegate.swift in Sources */,
			);
			runOnlyForDeploymentPostprocessing = 0;
		};
		715ADFF219AC02B500436E01 /* Sources */ = {
			isa = PBXSourcesBuildPhase;
			buildActionMask = 2147483647;
			files = (
				715ADFFD19AC02B500436E01 /* modalTransitionsTests.swift in Sources */,
			);
			runOnlyForDeploymentPostprocessing = 0;
		};
/* End PBXSourcesBuildPhase section */

/* Begin PBXTargetDependency section */
		715ADFF819AC02B500436E01 /* PBXTargetDependency */ = {
			isa = PBXTargetDependency;
			target = 715ADFE319AC02B500436E01 /* modalTransitions */;
			targetProxy = 715ADFF719AC02B500436E01 /* PBXContainerItemProxy */;
		};
/* End PBXTargetDependency section */

/* Begin PBXVariantGroup section */
		715ADFED19AC02B500436E01 /* Main.storyboard */ = {
			isa = PBXVariantGroup;
			children = (
				715ADFEE19AC02B500436E01 /* Base */,
			);
			name = Main.storyboard;
			sourceTree = "<group>";
		};
/* End PBXVariantGroup section */

/* Begin XCBuildConfiguration section */
		715ADFFE19AC02B500436E01 /* Debug */ = {
			isa = XCBuildConfiguration;
			buildSettings = {
				ALWAYS_SEARCH_USER_PATHS = NO;
				CLANG_CXX_LANGUAGE_STANDARD = "gnu++0x";
				CLANG_CXX_LIBRARY = "libc++";
				CLANG_ENABLE_MODULES = YES;
				CLANG_ENABLE_OBJC_ARC = YES;
				CLANG_WARN_BOOL_CONVERSION = YES;
				CLANG_WARN_CONSTANT_CONVERSION = YES;
				CLANG_WARN_DIRECT_OBJC_ISA_USAGE = YES_ERROR;
				CLANG_WARN_EMPTY_BODY = YES;
				CLANG_WARN_ENUM_CONVERSION = YES;
				CLANG_WARN_INT_CONVERSION = YES;
				CLANG_WARN_OBJC_ROOT_CLASS = YES_ERROR;
				CLANG_WARN_UNREACHABLE_CODE = YES;
				CLANG_WARN__DUPLICATE_METHOD_MATCH = YES;
				"CODE_SIGN_IDENTITY[sdk=iphoneos*]" = "iPhone Developer";
				COPY_PHASE_STRIP = NO;
				ENABLE_STRICT_OBJC_MSGSEND = YES;
				GCC_C_LANGUAGE_STANDARD = gnu99;
				GCC_DYNAMIC_NO_PIC = NO;
				GCC_OPTIMIZATION_LEVEL = 0;
				GCC_PREPROCESSOR_DEFINITIONS = (
					"DEBUG=1",
					"$(inherited)",
				);
				GCC_SYMBOLS_PRIVATE_EXTERN = NO;
				GCC_WARN_64_TO_32_BIT_CONVERSION = YES;
				GCC_WARN_ABOUT_RETURN_TYPE = YES_ERROR;
				GCC_WARN_UNDECLARED_SELECTOR = YES;
				GCC_WARN_UNINITIALIZED_AUTOS = YES_AGGRESSIVE;
				GCC_WARN_UNUSED_FUNCTION = YES;
				GCC_WARN_UNUSED_VARIABLE = YES;
				IPHONEOS_DEPLOYMENT_TARGET = 8.0;
				MTL_ENABLE_DEBUG_INFO = YES;
				ONLY_ACTIVE_ARCH = YES;
				SDKROOT = iphoneos;
				SWIFT_OPTIMIZATION_LEVEL = "-Onone";
			};
			name = Debug;
		};
		715ADFFF19AC02B500436E01 /* Release */ = {
			isa = XCBuildConfiguration;
			buildSettings = {
				ALWAYS_SEARCH_USER_PATHS = NO;
				CLANG_CXX_LANGUAGE_STANDARD = "gnu++0x";
				CLANG_CXX_LIBRARY = "libc++";
				CLANG_ENABLE_MODULES = YES;
				CLANG_ENABLE_OBJC_ARC = YES;
				CLANG_WARN_BOOL_CONVERSION = YES;
				CLANG_WARN_CONSTANT_CONVERSION = YES;
				CLANG_WARN_DIRECT_OBJC_ISA_USAGE = YES_ERROR;
				CLANG_WARN_EMPTY_BODY = YES;
				CLANG_WARN_ENUM_CONVERSION = YES;
				CLANG_WARN_INT_CONVERSION = YES;
				CLANG_WARN_OBJC_ROOT_CLASS = YES_ERROR;
				CLANG_WARN_UNREACHABLE_CODE = YES;
				CLANG_WARN__DUPLICATE_METHOD_MATCH = YES;
				"CODE_SIGN_IDENTITY[sdk=iphoneos*]" = "iPhone Developer";
				COPY_PHASE_STRIP = YES;
				ENABLE_NS_ASSERTIONS = NO;
				ENABLE_STRICT_OBJC_MSGSEND = YES;
				GCC_C_LANGUAGE_STANDARD = gnu99;
				GCC_WARN_64_TO_32_BIT_CONVERSION = YES;
				GCC_WARN_ABOUT_RETURN_TYPE = YES_ERROR;
				GCC_WARN_UNDECLARED_SELECTOR = YES;
				GCC_WARN_UNINITIALIZED_AUTOS = YES_AGGRESSIVE;
				GCC_WARN_UNUSED_FUNCTION = YES;
				GCC_WARN_UNUSED_VARIABLE = YES;
				IPHONEOS_DEPLOYMENT_TARGET = 8.0;
				MTL_ENABLE_DEBUG_INFO = NO;
				SDKROOT = iphoneos;
				VALIDATE_PRODUCT = YES;
			};
			name = Release;
		};
		715AE00119AC02B500436E01 /* Debug */ = {
			isa = XCBuildConfiguration;
			buildSettings = {
				ASSETCATALOG_COMPILER_APPICON_NAME = AppIcon;
				ASSETCATALOG_COMPILER_LAUNCHIMAGE_NAME = LaunchImage;
				INFOPLIST_FILE = modalTransitions/Info.plist;
				LD_RUNPATH_SEARCH_PATHS = "$(inherited) @executable_path/Frameworks";
				PRODUCT_NAME = "$(TARGET_NAME)";
			};
			name = Debug;
		};
		715AE00219AC02B500436E01 /* Release */ = {
			isa = XCBuildConfiguration;
			buildSettings = {
				ASSETCATALOG_COMPILER_APPICON_NAME = AppIcon;
				ASSETCATALOG_COMPILER_LAUNCHIMAGE_NAME = LaunchImage;
				INFOPLIST_FILE = modalTransitions/Info.plist;
				LD_RUNPATH_SEARCH_PATHS = "$(inherited) @executable_path/Frameworks";
				PRODUCT_NAME = "$(TARGET_NAME)";
			};
			name = Release;
		};
		715AE00419AC02B500436E01 /* Debug */ = {
			isa = XCBuildConfiguration;
			buildSettings = {
				BUNDLE_LOADER = "$(TEST_HOST)";
				FRAMEWORK_SEARCH_PATHS = (
					"$(SDKROOT)/Developer/Library/Frameworks",
					"$(inherited)",
				);
				GCC_PREPROCESSOR_DEFINITIONS = (
					"DEBUG=1",
					"$(inherited)",
				);
				INFOPLIST_FILE = modalTransitionsTests/Info.plist;
				LD_RUNPATH_SEARCH_PATHS = "$(inherited) @executable_path/Frameworks @loader_path/Frameworks";
				PRODUCT_NAME = "$(TARGET_NAME)";
				TEST_HOST = "$(BUILT_PRODUCTS_DIR)/modalTransitions.app/modalTransitions";
			};
			name = Debug;
		};
		715AE00519AC02B500436E01 /* Release */ = {
			isa = XCBuildConfiguration;
			buildSettings = {
				BUNDLE_LOADER = "$(TEST_HOST)";
				FRAMEWORK_SEARCH_PATHS = (
					"$(SDKROOT)/Developer/Library/Frameworks",
					"$(inherited)",
				);
				INFOPLIST_FILE = modalTransitionsTests/Info.plist;
				LD_RUNPATH_SEARCH_PATHS = "$(inherited) @executable_path/Frameworks @loader_path/Frameworks";
				PRODUCT_NAME = "$(TARGET_NAME)";
				TEST_HOST = "$(BUILT_PRODUCTS_DIR)/modalTransitions.app/modalTransitions";
			};
			name = Release;
		};
/* End XCBuildConfiguration section */

/* Begin XCConfigurationList section */
		715ADFDF19AC02B500436E01 /* Build configuration list for PBXProject "modalTransitions" */ = {
			isa = XCConfigurationList;
			buildConfigurations = (
				715ADFFE19AC02B500436E01 /* Debug */,
				715ADFFF19AC02B500436E01 /* Release */,
			);
			defaultConfigurationIsVisible = 0;
			defaultConfigurationName = Release;
		};
		715AE00019AC02B500436E01 /* Build configuration list for PBXNativeTarget "modalTransitions" */ = {
			isa = XCConfigurationList;
			buildConfigurations = (
				715AE00119AC02B500436E01 /* Debug */,
				715AE00219AC02B500436E01 /* Release */,
			);
			defaultConfigurationIsVisible = 0;
		};
		715AE00319AC02B500436E01 /* Build configuration list for PBXNativeTarget "modalTransitionsTests" */ = {
			isa = XCConfigurationList;
			buildConfigurations = (
				715AE00419AC02B500436E01 /* Debug */,
				715AE00519AC02B500436E01 /* Release */,
			);
			defaultConfigurationIsVisible = 0;
		};
/* End XCConfigurationList section */
	};
	rootObject = 715ADFDC19AC02B500436E01 /* Project object */;
}
